
Microsoft Visual Studio Solution File, Format Version 12.00
# Visual Studio 2012
Project("{FAE04EC0-301F-11D3-BF4B-00C04F79EFBC}") = "SureBetCalculator", "SureBetCalculator.csproj", "{E880AA5A-9FD9-42DA-97BC-5EA1DCEB4ADA}"
EndProject
Global
	GlobalSection(SolutionConfigurationPlatforms) = preSolution
		Debug|Any CPU = Debug|Any CPU
		Release|Any CPU = Release|Any CPU
	EndGlobalSection
	GlobalSection(ProjectConfigurationPlatforms) = postSolution
		{E880AA5A-9FD9-42DA-97BC-5EA1DCEB4ADA}.Debug|Any CPU.ActiveCfg = Debug|Any CPU
		{E880AA5A-9FD9-42DA-97BC-5EA1DCEB4ADA}.Debug|Any CPU.Build.0 = Debug|Any CPU
		{E880AA5A-9FD9-42DA-97BC-5EA1DCEB4ADA}.Release|Any CPU.ActiveCfg = Release|Any CPU
		{E880AA5A-9FD9-42DA-97BC-5EA1DCEB4ADA}.Release|Any CPU.Build.0 = Release|Any CPU
	EndGlobalSection
	GlobalSection(SolutionProperties) = preSolution
		HideSolutionNode = FALSE
	EndGlobalSection
EndGlobal
